
Microsoft Visual Studio Solution File, Format Version 12.00
# Visual Studio 15
VisualStudioVersion = 15.0.27004.2002
MinimumVisualStudioVersion = 10.0.40219.1
Project("{8BC9CEB8-8B4A-11D0-8D11-00A0C91BC942}") = "1WayNTicket", "1WayNTicket\1WayNTicket.vcxproj", "{E1474A85-1088-4D26-8F93-8649497743DF}"
EndProject
Global
	GlobalSection(SolutionConfigurationPlatforms) = preSolution
		Debug|x64 = Debug|x64
		Debug|x86 = Debug|x86
		Release|x64 = Release|x64
		Release|x86 = Release|x86
	EndGlobalSection
	GlobalSection(ProjectConfigurationPlatforms) = postSolution
		{E1474A85-1088-4D26-8F93-8649497743DF}.Debug|x64.ActiveCfg = Debug|x64
		{E1474A85-1088-4D26-8F93-8649497743DF}.Debug|x64.Build.0 = Debug|x64
		{E1474A85-1088-4D26-8F93-8649497743DF}.Debug|x86.ActiveCfg = Debug|Win32
		{E1474A85-1088-4D26-8F93-8649497743DF}.Debug|x86.Build.0 = Debug|Win32
		{E1474A85-1088-4D26-8F93-8649497743DF}.Release|x64.ActiveCfg = Release|x64
		{E1474A85-1088-4D26-8F93-8649497743DF}.Release|x64.Build.0 = Release|x64
		{E1474A85-1088-4D26-8F93-8649497743DF}.Release|x86.ActiveCfg = Release|Win32
		{E1474A85-1088-4D26-8F93-8649497743DF}.Release|x86.Build.0 = Release|Win32
	EndGlobalSection
	GlobalSection(SolutionProperties) = preSolution
		HideSolutionNode = FALSE
	EndGlobalSection
	GlobalSection(ExtensibilityGlobals) = postSolution
		SolutionGuid = {C74A5A65-A107-46D8-9157-5CCAF2459DD2}
	EndGlobalSection
EndGlobal
